
Microsoft Visual Studio Solution File, Format Version 12.00
# Visual Studio Version 16
VisualStudioVersion = 16.0.31321.278
MinimumVisualStudioVersion = 10.0.40219.1
Project("{FAE04EC0-301F-11D3-BF4B-00C04F79EFBC}") = "from sơ bộ", "from sơ bộ\from sơ bộ.csproj", "{D6926F2E-16CE-47EA-B7C4-5D1D3C8D284B}"
EndProject
Global
	GlobalSection(SolutionConfigurationPlatforms) = preSolution
		Debug|Any CPU = Debug|Any CPU
		Release|Any CPU = Release|Any CPU
	EndGlobalSection
	GlobalSection(ProjectConfigurationPlatforms) = postSolution
		{D6926F2E-16CE-47EA-B7C4-5D1D3C8D284B}.Debug|Any CPU.ActiveCfg = Debug|Any CPU
		{D6926F2E-16CE-47EA-B7C4-5D1D3C8D284B}.Debug|Any CPU.Build.0 = Debug|Any CPU
		{D6926F2E-16CE-47EA-B7C4-5D1D3C8D284B}.Release|Any CPU.ActiveCfg = Release|Any CPU
		{D6926F2E-16CE-47EA-B7C4-5D1D3C8D284B}.Release|Any CPU.Build.0 = Release|Any CPU
	EndGlobalSection
	GlobalSection(SolutionProperties) = preSolution
		HideSolutionNode = FALSE
	EndGlobalSection
	GlobalSection(ExtensibilityGlobals) = postSolution
		SolutionGuid = {EB046A92-8D0F-496E-820E-7123D6F7A35E}
	EndGlobalSection
EndGlobal
