
Microsoft Visual Studio Solution File, Format Version 12.00
# Visual Studio Version 16
VisualStudioVersion = 16.0.31321.278
MinimumVisualStudioVersion = 10.0.40219.1
Project("{FAE04EC0-301F-11D3-BF4B-00C04F79EFBC}") = "QLGD_sua_chua_thiet_bi", "QLGD_sua_chua_thiet_bi\QLGD_sua_chua_thiet_bi.csproj", "{35C5CEC1-88CF-4FE0-A3D6-A372594198F7}"
EndProject
Global
	GlobalSection(SolutionConfigurationPlatforms) = preSolution
		Debug|Any CPU = Debug|Any CPU
		Release|Any CPU = Release|Any CPU
	EndGlobalSection
	GlobalSection(ProjectConfigurationPlatforms) = postSolution
		{35C5CEC1-88CF-4FE0-A3D6-A372594198F7}.Debug|Any CPU.ActiveCfg = Debug|Any CPU
		{35C5CEC1-88CF-4FE0-A3D6-A372594198F7}.Debug|Any CPU.Build.0 = Debug|Any CPU
		{35C5CEC1-88CF-4FE0-A3D6-A372594198F7}.Release|Any CPU.ActiveCfg = Release|Any CPU
		{35C5CEC1-88CF-4FE0-A3D6-A372594198F7}.Release|Any CPU.Build.0 = Release|Any CPU
	EndGlobalSection
	GlobalSection(SolutionProperties) = preSolution
		HideSolutionNode = FALSE
	EndGlobalSection
	GlobalSection(ExtensibilityGlobals) = postSolution
		SolutionGuid = {7FDA28DB-7ABB-4219-8888-7AD8207DBF5E}
	EndGlobalSection
EndGlobal
